
Microsoft Visual Studio Solution File, Format Version 12.00
# Visual Studio 15
VisualStudioVersion = 15.0.27130.2027
MinimumVisualStudioVersion = 10.0.40219.1
Project("{9A19103F-16F7-4668-BE54-9A1E7A4F7556}") = "engine", "engine\engine.csproj", "{66110F3F-B9EE-46A7-AB70-66F54D27D5FD}"
EndProject
Project("{9A19103F-16F7-4668-BE54-9A1E7A4F7556}") = "Plugin.Sample.Habitat", "Plugin.Sample.Habitat\Plugin.Sample.Habitat.csproj", "{5CEAFE18-1417-40E7-95B9-3FF8E1F18B2F}"
EndProject
Project("{FAE04EC0-301F-11D3-BF4B-00C04F79EFBC}") = "website", "WebApplication1\website.csproj", "{F55D87D0-9379-480E-B4B3-BB4006B098C1}"
EndProject
Project("{9A19103F-16F7-4668-BE54-9A1E7A4F7556}") = "Plugin.Payment.Heidelpay", "Plugin.Payments.Heidelpay\Plugin.Payment.Heidelpay.csproj", "{7C15ECBE-A438-48F9-9B25-E8C38EAB419B}"
EndProject
Project("{9A19103F-16F7-4668-BE54-9A1E7A4F7556}") = "Sitecore.Commerce.ServiceProxy", "Sitecore.Commerce.ServiceProxy\Sitecore.Commerce.ServiceProxy.csproj", "{D8ED2F59-58A3-4150-B888-2CE9FA314392}"
EndProject
Project("{FAE04EC0-301F-11D3-BF4B-00C04F79EFBC}") = "Heidelpay.Connect", "Heidelpay.Connect\Heidelpay.Connect.csproj", "{1DE9B2D1-5E85-4806-BE95-2B92FF05E08C}"
EndProject
Global
	GlobalSection(SolutionConfigurationPlatforms) = preSolution
		Debug|Any CPU = Debug|Any CPU
		Release|Any CPU = Release|Any CPU
	EndGlobalSection
	GlobalSection(ProjectConfigurationPlatforms) = postSolution
		{66110F3F-B9EE-46A7-AB70-66F54D27D5FD}.Debug|Any CPU.ActiveCfg = Debug|Any CPU
		{66110F3F-B9EE-46A7-AB70-66F54D27D5FD}.Debug|Any CPU.Build.0 = Debug|Any CPU
		{66110F3F-B9EE-46A7-AB70-66F54D27D5FD}.Release|Any CPU.ActiveCfg = Release|Any CPU
		{66110F3F-B9EE-46A7-AB70-66F54D27D5FD}.Release|Any CPU.Build.0 = Release|Any CPU
		{5CEAFE18-1417-40E7-95B9-3FF8E1F18B2F}.Debug|Any CPU.ActiveCfg = Debug|Any CPU
		{5CEAFE18-1417-40E7-95B9-3FF8E1F18B2F}.Debug|Any CPU.Build.0 = Debug|Any CPU
		{5CEAFE18-1417-40E7-95B9-3FF8E1F18B2F}.Release|Any CPU.ActiveCfg = Release|Any CPU
		{5CEAFE18-1417-40E7-95B9-3FF8E1F18B2F}.Release|Any CPU.Build.0 = Release|Any CPU
		{F55D87D0-9379-480E-B4B3-BB4006B098C1}.Debug|Any CPU.ActiveCfg = Debug|Any CPU
		{F55D87D0-9379-480E-B4B3-BB4006B098C1}.Debug|Any CPU.Build.0 = Debug|Any CPU
		{F55D87D0-9379-480E-B4B3-BB4006B098C1}.Release|Any CPU.ActiveCfg = Release|Any CPU
		{F55D87D0-9379-480E-B4B3-BB4006B098C1}.Release|Any CPU.Build.0 = Release|Any CPU
		{7C15ECBE-A438-48F9-9B25-E8C38EAB419B}.Debug|Any CPU.ActiveCfg = Debug|Any CPU
		{7C15ECBE-A438-48F9-9B25-E8C38EAB419B}.Debug|Any CPU.Build.0 = Debug|Any CPU
		{7C15ECBE-A438-48F9-9B25-E8C38EAB419B}.Release|Any CPU.ActiveCfg = Release|Any CPU
		{7C15ECBE-A438-48F9-9B25-E8C38EAB419B}.Release|Any CPU.Build.0 = Release|Any CPU
		{D8ED2F59-58A3-4150-B888-2CE9FA314392}.Debug|Any CPU.ActiveCfg = Debug|Any CPU
		{D8ED2F59-58A3-4150-B888-2CE9FA314392}.Debug|Any CPU.Build.0 = Debug|Any CPU
		{D8ED2F59-58A3-4150-B888-2CE9FA314392}.Release|Any CPU.ActiveCfg = Release|Any CPU
		{D8ED2F59-58A3-4150-B888-2CE9FA314392}.Release|Any CPU.Build.0 = Release|Any CPU
		{1DE9B2D1-5E85-4806-BE95-2B92FF05E08C}.Debug|Any CPU.ActiveCfg = Debug|Any CPU
		{1DE9B2D1-5E85-4806-BE95-2B92FF05E08C}.Debug|Any CPU.Build.0 = Debug|Any CPU
		{1DE9B2D1-5E85-4806-BE95-2B92FF05E08C}.Release|Any CPU.ActiveCfg = Release|Any CPU
		{1DE9B2D1-5E85-4806-BE95-2B92FF05E08C}.Release|Any CPU.Build.0 = Release|Any CPU
	EndGlobalSection
	GlobalSection(SolutionProperties) = preSolution
		HideSolutionNode = FALSE
	EndGlobalSection
	GlobalSection(ExtensibilityGlobals) = postSolution
		SolutionGuid = {73EDB686-87D0-4B9C-8ED7-3D6361FF61A8}
	EndGlobalSection
EndGlobal
